// !$*UTF8*$!
{
	archiveVersion = 1;
	classes = {
	};
	objectVersion = 48;
	objects = {

/* Begin PBXBuildFile section */
		CBF9004D20D519D900BC9350 /* AppDelegate.swift in Sources */ = {isa = PBXBuildFile; fileRef = CBF9004C20D519D900BC9350 /* AppDelegate.swift */; };
		CBF9005220D519D900BC9350 /* Main.storyboard in Resources */ = {isa = PBXBuildFile; fileRef = CBF9005020D519D900BC9350 /* Main.storyboard */; };
		CBF9005420D519DB00BC9350 /* Assets.xcassets in Resources */ = {isa = PBXBuildFile; fileRef = CBF9005320D519DB00BC9350 /* Assets.xcassets */; };
		CBF9005720D519DB00BC9350 /* LaunchScreen.storyboard in Resources */ = {isa = PBXBuildFile; fileRef = CBF9005520D519DB00BC9350 /* LaunchScreen.storyboard */; };
		CBF9006220D5204800BC9350 /* RoundedShadowView.swift in Sources */ = {isa = PBXBuildFile; fileRef = CBF9006120D5204800BC9350 /* RoundedShadowView.swift */; };
		CBF9006420D5232C00BC9350 /* RoundedShadowButton.swift in Sources */ = {isa = PBXBuildFile; fileRef = CBF9006320D5232C00BC9350 /* RoundedShadowButton.swift */; };
		CBF9006620D523A100BC9350 /* RoundedShadowImageView.swift in Sources */ = {isa = PBXBuildFile; fileRef = CBF9006520D523A100BC9350 /* RoundedShadowImageView.swift */; };
		CBF9006B20D6345F00BC9350 /* CameraVC.swift in Sources */ = {isa = PBXBuildFile; fileRef = CBF9004E20D519D900BC9350 /* CameraVC.swift */; };
		CBF9007120D6650300BC9350 /* SqueezeNet.mlmodel in Sources */ = {isa = PBXBuildFile; fileRef = CBF9007020D6650300BC9350 /* SqueezeNet.mlmodel */; };
/* End PBXBuildFile section */

/* Begin PBXFileReference section */
		CBF9004920D519D900BC9350 /* MLVision.app */ = {isa = PBXFileReference; explicitFileType = wrapper.application; includeInIndex = 0; path = MLVision.app; sourceTree = BUILT_PRODUCTS_DIR; };
		CBF9004C20D519D900BC9350 /* AppDelegate.swift */ = {isa = PBXFileReference; lastKnownFileType = sourcecode.swift; path = AppDelegate.swift; sourceTree = "<group>"; };
		CBF9004E20D519D900BC9350 /* CameraVC.swift */ = {isa = PBXFileReference; lastKnownFileType = sourcecode.swift; path = CameraVC.swift; sourceTree = "<group>"; };
		CBF9005120D519D900BC9350 /* Base */ = {isa = PBXFileReference; lastKnownFileType = file.storyboard; name = Base; path = Base.lproj/Main.storyboard; sourceTree = "<group>"; };
		CBF9005320D519DB00BC9350 /* Assets.xcassets */ = {isa = PBXFileReference; lastKnownFileType = folder.assetcatalog; path = Assets.xcassets; sourceTree = "<group>"; };
		CBF9005620D519DB00BC9350 /* Base */ = {isa = PBXFileReference; lastKnownFileType = file.storyboard; name = Base; path = Base.lproj/LaunchScreen.storyboard; sourceTree = "<group>"; };
		CBF9005820D519DB00BC9350 /* Info.plist */ = {isa = PBXFileReference; lastKnownFileType = text.plist.xml; path = Info.plist; sourceTree = "<group>"; };
		CBF9006120D5204800BC9350 /* RoundedShadowView.swift */ = {isa = PBXFileReference; lastKnownFileType = sourcecode.swift; path = RoundedShadowView.swift; sourceTree = "<group>"; };
		CBF9006320D5232C00BC9350 /* RoundedShadowButton.swift */ = {isa = PBXFileReference; lastKnownFileType = sourcecode.swift; path = RoundedShadowButton.swift; sourceTree = "<group>"; };
		CBF9006520D523A100BC9350 /* RoundedShadowImageView.swift */ = {isa = PBXFileReference; lastKnownFileType = sourcecode.swift; path = RoundedShadowImageView.swift; sourceTree = "<group>"; };
		CBF9007020D6650300BC9350 /* SqueezeNet.mlmodel */ = {isa = PBXFileReference; lastKnownFileType = file.mlmodel; path = SqueezeNet.mlmodel; sourceTree = "<group>"; };
/* End PBXFileReference section */

/* Begin PBXFrameworksBuildPhase section */
		CBF9004620D519D900BC9350 /* Frameworks */ = {
			isa = PBXFrameworksBuildPhase;
			buildActionMask = 2147483647;
			files = (
			);
			runOnlyForDeploymentPostprocessing = 0;
		};
/* End PBXFrameworksBuildPhase section */

/* Begin PBXGroup section */
		CBF9004020D519D800BC9350 = {
			isa = PBXGroup;
			children = (
				CBF9004B20D519D900BC9350 /* MLVision */,
				CBF9004A20D519D900BC9350 /* Products */,
			);
			sourceTree = "<group>";
		};
		CBF9004A20D519D900BC9350 /* Products */ = {
			isa = PBXGroup;
			children = (
				CBF9004920D519D900BC9350 /* MLVision.app */,
			);
			name = Products;
			sourceTree = "<group>";
		};
		CBF9004B20D519D900BC9350 /* MLVision */ = {
			isa = PBXGroup;
			children = (
				CBF9006020D51A3800BC9350 /* Resources */,
				CBF9005F20D51A2200BC9350 /* View */,
				CBF9005E20D51A0B00BC9350 /* Controller */,
				CBF9004C20D519D900BC9350 /* AppDelegate.swift */,
				CBF9005020D519D900BC9350 /* Main.storyboard */,
				CBF9005320D519DB00BC9350 /* Assets.xcassets */,
				CBF9005520D519DB00BC9350 /* LaunchScreen.storyboard */,
				CBF9005820D519DB00BC9350 /* Info.plist */,
			);
			path = MLVision;
			sourceTree = "<group>";
		};
		CBF9005E20D51A0B00BC9350 /* Controller */ = {
			isa = PBXGroup;
			children = (
				CBF9004E20D519D900BC9350 /* CameraVC.swift */,
			);
			path = Controller;
			sourceTree = "<group>";
		};
		CBF9005F20D51A2200BC9350 /* View */ = {
			isa = PBXGroup;
			children = (
				CBF9006120D5204800BC9350 /* RoundedShadowView.swift */,
				CBF9006320D5232C00BC9350 /* RoundedShadowButton.swift */,
				CBF9006520D523A100BC9350 /* RoundedShadowImageView.swift */,
			);
			path = View;
			sourceTree = "<group>";
		};
		CBF9006020D51A3800BC9350 /* Resources */ = {
			isa = PBXGroup;
			children = (
				CBF9007020D6650300BC9350 /* SqueezeNet.mlmodel */,
			);
			path = Resources;
			sourceTree = "<group>";
		};
/* End PBXGroup section */

/* Begin PBXNativeTarget section */
		CBF9004820D519D900BC9350 /* MLVision */ = {
			isa = PBXNativeTarget;
			buildConfigurationList = CBF9005B20D519DB00BC9350 /* Build configuration list for PBXNativeTarget "MLVision" */;
			buildPhases = (
				CBF9004520D519D900BC9350 /* Sources */,
				CBF9004620D519D900BC9350 /* Frameworks */,
				CBF9004720D519D900BC9350 /* Resources */,
			);
			buildRules = (
			);
			dependencies = (
			);
			name = MLVision;
			productName = Vision;
			productReference = CBF9004920D519D900BC9350 /* MLVision.app */;
			productType = "com.apple.product-type.application";
		};
/* End PBXNativeTarget section */

/* Begin PBXProject section */
		CBF9004120D519D900BC9350 /* Project object */ = {
			isa = PBXProject;
			attributes = {
				LastSwiftUpdateCheck = 0940;
				LastUpgradeCheck = 0940;
				ORGANIZATIONNAME = "DEK Lab";
				TargetAttributes = {
					CBF9004820D519D900BC9350 = {
						CreatedOnToolsVersion = 9.4.1;
						ProvisioningStyle = Automatic;
					};
				};
			};
			buildConfigurationList = CBF9004420D519D900BC9350 /* Build configuration list for PBXProject "MLVision" */;
			compatibilityVersion = "Xcode 8.0";
			developmentRegion = en;
			hasScannedForEncodings = 0;
			knownRegions = (
				en,
				Base,
			);
			mainGroup = CBF9004020D519D800BC9350;
			productRefGroup = CBF9004A20D519D900BC9350 /* Products */;
			projectDirPath = "";
			projectRoot = "";
			targets = (
				CBF9004820D519D900BC9350 /* MLVision */,
			);
		};
/* End PBXProject section */

/* Begin PBXResourcesBuildPhase section */
		CBF9004720D519D900BC9350 /* Resources */ = {
			isa = PBXResourcesBuildPhase;
			buildActionMask = 2147483647;
			files = (
				CBF9005720D519DB00BC9350 /* LaunchScreen.storyboard in Resources */,
				CBF9005420D519DB00BC9350 /* Assets.xcassets in Resources */,
				CBF9005220D519D900BC9350 /* Main.storyboard in Resources */,
			);
			runOnlyForDeploymentPostprocessing = 0;
		};
/* End PBXResourcesBuildPhase section */

/* Begin PBXSourcesBuildPhase section */
		CBF9004520D519D900BC9350 /* Sources */ = {
			isa = PBXSourcesBuildPhase;
			buildActionMask = 2147483647;
			files = (
				CBF9006B20D6345F00BC9350 /* CameraVC.swift in Sources */,
				CBF9007120D6650300BC9350 /* SqueezeNet.mlmodel in Sources */,
				CBF9004D20D519D900BC9350 /* AppDelegate.swift in Sources */,
				CBF9006220D5204800BC9350 /* RoundedShadowView.swift in Sources */,
				CBF9006420D5232C00BC9350 /* RoundedShadowButton.swift in Sources */,
				CBF9006620D523A100BC9350 /* RoundedShadowImageView.swift in Sources */,
			);
			runOnlyForDeploymentPostprocessing = 0;
		};
/* End PBXSourcesBuildPhase section */

/* Begin PBXVariantGroup section */
		CBF9005020D519D900BC9350 /* Main.storyboard */ = {
			isa = PBXVariantGroup;
			children = (
				CBF9005120D519D900BC9350 /* Base */,
			);
			name = Main.storyboard;
			sourceTree = "<group>";
		};
		CBF9005520D519DB00BC9350 /* LaunchScreen.storyboard */ = {
			isa = PBXVariantGroup;
			children = (
				CBF9005620D519DB00BC9350 /* Base */,
			);
			name = LaunchScreen.storyboard;
			sourceTree = "<group>";
		};
/* End PBXVariantGroup section */

/* Begin XCBuildConfiguration section */
		CBF9005920D519DB00BC9350 /* Debug */ = {
			isa = XCBuildConfiguration;
			buildSettings = {
				ALWAYS_SEARCH_USER_PATHS = NO;
				CLANG_ANALYZER_NONNULL = YES;
				CLANG_ANALYZER_NUMBER_OBJECT_CONVERSION = YES_AGGRESSIVE;
				CLANG_CXX_LANGUAGE_STANDARD = "gnu++14";
				CLANG_CXX_LIBRARY = "libc++";
				CLANG_ENABLE_MODULES = YES;
				CLANG_ENABLE_OBJC_ARC = YES;
				CLANG_ENABLE_OBJC_WEAK = YES;
				CLANG_WARN_BLOCK_CAPTURE_AUTORELEASING = YES;
				CLANG_WARN_BOOL_CONVERSION = YES;
				CLANG_WARN_COMMA = YES;
				CLANG_WARN_CONSTANT_CONVERSION = YES;
				CLANG_WARN_DEPRECATED_OBJC_IMPLEMENTATIONS = YES;
				CLANG_WARN_DIRECT_OBJC_ISA_USAGE = YES_ERROR;
				CLANG_WARN_DOCUMENTATION_COMMENTS = YES;
				CLANG_WARN_EMPTY_BODY = YES;
				CLANG_WARN_ENUM_CONVERSION = YES;
				CLANG_WARN_INFINITE_RECURSION = YES;
				CLANG_WARN_INT_CONVERSION = YES;
				CLANG_WARN_NON_LITERAL_NULL_CONVERSION = YES;
				CLANG_WARN_OBJC_IMPLICIT_RETAIN_SELF = YES;
				CLANG_WARN_OBJC_LITERAL_CONVERSION = YES;
				CLANG_WARN_OBJC_ROOT_CLASS = YES_ERROR;
				CLANG_WARN_RANGE_LOOP_ANALYSIS = YES;
				CLANG_WARN_STRICT_PROTOTYPES = YES;
				CLANG_WARN_SUSPICIOUS_MOVE = YES;
				CLANG_WARN_UNGUARDED_AVAILABILITY = YES_AGGRESSIVE;
				CLANG_WARN_UNREACHABLE_CODE = YES;
				CLANG_WARN__DUPLICATE_METHOD_MATCH = YES;
				CODE_SIGN_IDENTITY = "iPhone Developer";
				COPY_PHASE_STRIP = NO;
				DEBUG_INFORMATION_FORMAT = dwarf;
				ENABLE_STRICT_OBJC_MSGSEND = YES;
				ENABLE_TESTABILITY = YES;
				GCC_C_LANGUAGE_STANDARD = gnu11;
				GCC_DYNAMIC_NO_PIC = NO;
				GCC_NO_COMMON_BLOCKS = YES;
				GCC_OPTIMIZATION_LEVEL = 0;
				GCC_PREPROCESSOR_DEFINITIONS = (
					"DEBUG=1",
					"$(inherited)",
				);
				GCC_WARN_64_TO_32_BIT_CONVERSION = YES;
				GCC_WARN_ABOUT_RETURN_TYPE = YES_ERROR;
				GCC_WARN_UNDECLARED_SELECTOR = YES;
				GCC_WARN_UNINITIALIZED_AUTOS = YES_AGGRESSIVE;
				GCC_WARN_UNUSED_FUNCTION = YES;
				GCC_WARN_UNUSED_VARIABLE = YES;
				IPHONEOS_DEPLOYMENT_TARGET = 11.4;
				MTL_ENABLE_DEBUG_INFO = YES;
				ONLY_ACTIVE_ARCH = YES;
				SDKROOT = iphoneos;
				SWIFT_ACTIVE_COMPILATION_CONDITIONS = DEBUG;
				SWIFT_OPTIMIZATION_LEVEL = "-Onone";
			};
			name = Debug;
		};
		CBF9005A20D519DB00BC9350 /* Release */ = {
			isa = XCBuildConfiguration;
			buildSettings = {
				ALWAYS_SEARCH_USER_PATHS = NO;
				CLANG_ANALYZER_NONNULL = YES;
				CLANG_ANALYZER_NUMBER_OBJECT_CONVERSION = YES_AGGRESSIVE;
				CLANG_CXX_LANGUAGE_STANDARD = "gnu++14";
				CLANG_CXX_LIBRARY = "libc++";
				CLANG_ENABLE_MODULES = YES;
				CLANG_ENABLE_OBJC_ARC = YES;
				CLANG_ENABLE_OBJC_WEAK = YES;
				CLANG_WARN_BLOCK_CAPTURE_AUTORELEASING = YES;
				CLANG_WARN_BOOL_CONVERSION = YES;
				CLANG_WARN_COMMA = YES;
				CLANG_WARN_CONSTANT_CONVERSION = YES;
				CLANG_WARN_DEPRECATED_OBJC_IMPLEMENTATIONS = YES;
				CLANG_WARN_DIRECT_OBJC_ISA_USAGE = YES_ERROR;
				CLANG_WARN_DOCUMENTATION_COMMENTS = YES;
				CLANG_WARN_EMPTY_BODY = YES;
				CLANG_WARN_ENUM_CONVERSION = YES;
				CLANG_WARN_INFINITE_RECURSION = YES;
				CLANG_WARN_INT_CONVERSION = YES;
				CLANG_WARN_NON_LITERAL_NULL_CONVERSION = YES;
				CLANG_WARN_OBJC_IMPLICIT_RETAIN_SELF = YES;
				CLANG_WARN_OBJC_LITERAL_CONVERSION = YES;
				CLANG_WARN_OBJC_ROOT_CLASS = YES_ERROR;
				CLANG_WARN_RANGE_LOOP_ANALYSIS = YES;
				CLANG_WARN_STRICT_PROTOTYPES = YES;
				CLANG_WARN_SUSPICIOUS_MOVE = YES;
				CLANG_WARN_UNGUARDED_AVAILABILITY = YES_AGGRESSIVE;
				CLANG_WARN_UNREACHABLE_CODE = YES;
				CLANG_WARN__DUPLICATE_METHOD_MATCH = YES;
				CODE_SIGN_IDENTITY = "iPhone Developer";
				COPY_PHASE_STRIP = NO;
				DEBUG_INFORMATION_FORMAT = "dwarf-with-dsym";
				ENABLE_NS_ASSERTIONS = NO;
				ENABLE_STRICT_OBJC_MSGSEND = YES;
				GCC_C_LANGUAGE_STANDARD = gnu11;
				GCC_NO_COMMON_BLOCKS = YES;
				GCC_WARN_64_TO_32_BIT_CONVERSION = YES;
				GCC_WARN_ABOUT_RETURN_TYPE = YES_ERROR;
				GCC_WARN_UNDECLARED_SELECTOR = YES;
				GCC_WARN_UNINITIALIZED_AUTOS = YES_AGGRESSIVE;
				GCC_WARN_UNUSED_FUNCTION = YES;
				GCC_WARN_UNUSED_VARIABLE = YES;
				IPHONEOS_DEPLOYMENT_TARGET = 11.4;
				MTL_ENABLE_DEBUG_INFO = NO;
				SDKROOT = iphoneos;
				SWIFT_OPTIMIZATION_LEVEL = "-Owholemodule";
				VALIDATE_PRODUCT = YES;
			};
			name = Release;
		};
		CBF9005C20D519DB00BC9350 /* Debug */ = {
			isa = XCBuildConfiguration;
			buildSettings = {
				ASSETCATALOG_COMPILER_APPICON_NAME = AppIcon;
				CODE_SIGN_STYLE = Automatic;
				DEVELOPMENT_TEAM = HHM8N6W27Z;
				INFOPLIST_FILE = MLVision/Info.plist;
				LD_RUNPATH_SEARCH_PATHS = "$(inherited) @executable_path/Frameworks";
				PRODUCT_BUNDLE_IDENTIFIER = au.com.dektech.deklab.MLVision;
				PRODUCT_NAME = "$(TARGET_NAME)";
				SWIFT_VERSION = 4.0;
				TARGETED_DEVICE_FAMILY = "1,2";
			};
			name = Debug;
		};
		CBF9005D20D519DB00BC9350 /* Release */ = {
			isa = XCBuildConfiguration;
			buildSettings = {
				ASSETCATALOG_COMPILER_APPICON_NAME = AppIcon;
				CODE_SIGN_STYLE = Automatic;
				DEVELOPMENT_TEAM = HHM8N6W27Z;
				INFOPLIST_FILE = MLVision/Info.plist;
				LD_RUNPATH_SEARCH_PATHS = "$(inherited) @executable_path/Frameworks";
				PRODUCT_BUNDLE_IDENTIFIER = au.com.dektech.deklab.MLVision;
				PRODUCT_NAME = "$(TARGET_NAME)";
				SWIFT_VERSION = 4.0;
				TARGETED_DEVICE_FAMILY = "1,2";
			};
			name = Release;
		};
/* End XCBuildConfiguration section */

/* Begin XCConfigurationList section */
		CBF9004420D519D900BC9350 /* Build configuration list for PBXProject "MLVision" */ = {
			isa = XCConfigurationList;
			buildConfigurations = (
				CBF9005920D519DB00BC9350 /* Debug */,
				CBF9005A20D519DB00BC9350 /* Release */,
			);
			defaultConfigurationIsVisible = 0;
			defaultConfigurationName = Release;
		};
		CBF9005B20D519DB00BC9350 /* Build configuration list for PBXNativeTarget "MLVision" */ = {
			isa = XCConfigurationList;
			buildConfigurations = (
				CBF9005C20D519DB00BC9350 /* Debug */,
				CBF9005D20D519DB00BC9350 /* Release */,
			);
			defaultConfigurationIsVisible = 0;
			defaultConfigurationName = Release;
		};
/* End XCConfigurationList section */
	};
	rootObject = CBF9004120D519D900BC9350 /* Project object */;
}
